
Microsoft Visual Studio Solution File, Format Version 12.00
# Visual Studio Version 17
VisualStudioVersion = 17.14.36327.8 d17.14
MinimumVisualStudioVersion = 10.0.40219.1
Project("{FAE04EC0-301F-11D3-BF4B-00C04F79EFBC}") = "bio opg", "bio opg.csproj", "{E6863758-0893-4BBD-9E60-05DB19D7751A}"
EndProject
Global
	GlobalSection(SolutionConfigurationPlatforms) = preSolution
		Debug|Any CPU = Debug|Any CPU
		Release|Any CPU = Release|Any CPU
	EndGlobalSection
	GlobalSection(ProjectConfigurationPlatforms) = postSolution
		{E6863758-0893-4BBD-9E60-05DB19D7751A}.Debug|Any CPU.ActiveCfg = Debug|Any CPU
		{E6863758-0893-4BBD-9E60-05DB19D7751A}.Debug|Any CPU.Build.0 = Debug|Any CPU
		{E6863758-0893-4BBD-9E60-05DB19D7751A}.Release|Any CPU.ActiveCfg = Release|Any CPU
		{E6863758-0893-4BBD-9E60-05DB19D7751A}.Release|Any CPU.Build.0 = Release|Any CPU
	EndGlobalSection
	GlobalSection(SolutionProperties) = preSolution
		HideSolutionNode = FALSE
	EndGlobalSection
	GlobalSection(ExtensibilityGlobals) = postSolution
		SolutionGuid = {2F2587FD-159D-4F24-A20F-4C83D555082A}
	EndGlobalSection
EndGlobal
